
Microsoft Visual Studio Solution File, Format Version 12.00
# Visual Studio 2015
Project("{FAE04EC0-301F-11D3-BF4B-00C04F79EFBC}") = "babble box", "babble box.csproj", "{C6D31E2B-85E6-14BA-FB54-BFA7FBF973E8}"
EndProject
Project("{FAE04EC0-301F-11D3-BF4B-00C04F79EFBC}") = "babble box.Editor", "babble box.Editor.csproj", "{5090A7C6-52C9-2175-E980-B3868E51912B}"
EndProject
Global
	GlobalSection(SolutionConfigurationPlatforms) = preSolution
		Debug|Any CPU = Debug|Any CPU
		Release|Any CPU = Release|Any CPU
	EndGlobalSection
	GlobalSection(ProjectConfigurationPlatforms) = postSolution
		{C6D31E2B-85E6-14BA-FB54-BFA7FBF973E8}.Debug|Any CPU.ActiveCfg = Debug|Any CPU
		{C6D31E2B-85E6-14BA-FB54-BFA7FBF973E8}.Debug|Any CPU.Build.0 = Debug|Any CPU
		{C6D31E2B-85E6-14BA-FB54-BFA7FBF973E8}.Release|Any CPU.ActiveCfg = Release|Any CPU
		{C6D31E2B-85E6-14BA-FB54-BFA7FBF973E8}.Release|Any CPU.Build.0 = Release|Any CPU
		{5090A7C6-52C9-2175-E980-B3868E51912B}.Debug|Any CPU.ActiveCfg = Debug|Any CPU
		{5090A7C6-52C9-2175-E980-B3868E51912B}.Debug|Any CPU.Build.0 = Debug|Any CPU
		{5090A7C6-52C9-2175-E980-B3868E51912B}.Release|Any CPU.ActiveCfg = Release|Any CPU
		{5090A7C6-52C9-2175-E980-B3868E51912B}.Release|Any CPU.Build.0 = Release|Any CPU
	EndGlobalSection
	GlobalSection(SolutionProperties) = preSolution
		HideSolutionNode = FALSE
	EndGlobalSection
EndGlobal
